
Microsoft Visual Studio Solution File, Format Version 12.00
Project("{FAE04EC0-301F-11D3-BF4B-00C04F79EFBC}") = "HashingAlgorithm", "HashingAlgorithm\HashingAlgorithm.csproj", "{C7761237-3205-45EB-B9BF-E7E2FC0D8689}"
EndProject
Global
	GlobalSection(SolutionConfigurationPlatforms) = preSolution
		Debug|Any CPU = Debug|Any CPU
		Release|Any CPU = Release|Any CPU
	EndGlobalSection
	GlobalSection(ProjectConfigurationPlatforms) = postSolution
		{C7761237-3205-45EB-B9BF-E7E2FC0D8689}.Debug|Any CPU.ActiveCfg = Debug|Any CPU
		{C7761237-3205-45EB-B9BF-E7E2FC0D8689}.Debug|Any CPU.Build.0 = Debug|Any CPU
		{C7761237-3205-45EB-B9BF-E7E2FC0D8689}.Release|Any CPU.ActiveCfg = Release|Any CPU
		{C7761237-3205-45EB-B9BF-E7E2FC0D8689}.Release|Any CPU.Build.0 = Release|Any CPU
	EndGlobalSection
EndGlobal
